
Microsoft Visual Studio Solution File, Format Version 12.00
# Visual Studio Version 17
VisualStudioVersion = 17.5.33627.172
MinimumVisualStudioVersion = 10.0.40219.1
Project("{FAE04EC0-301F-11D3-BF4B-00C04F79EFBC}") = "WebCourse- server", "WebCourse- server\WebCourse- server.csproj", "{691EEFAB-7FF5-4E40-84E0-905C2CAACDC5}"
EndProject
Global
	GlobalSection(SolutionConfigurationPlatforms) = preSolution
		Debug|Any CPU = Debug|Any CPU
		Release|Any CPU = Release|Any CPU
	EndGlobalSection
	GlobalSection(ProjectConfigurationPlatforms) = postSolution
		{691EEFAB-7FF5-4E40-84E0-905C2CAACDC5}.Debug|Any CPU.ActiveCfg = Debug|Any CPU
		{691EEFAB-7FF5-4E40-84E0-905C2CAACDC5}.Debug|Any CPU.Build.0 = Debug|Any CPU
		{691EEFAB-7FF5-4E40-84E0-905C2CAACDC5}.Release|Any CPU.ActiveCfg = Release|Any CPU
		{691EEFAB-7FF5-4E40-84E0-905C2CAACDC5}.Release|Any CPU.Build.0 = Release|Any CPU
	EndGlobalSection
	GlobalSection(SolutionProperties) = preSolution
		HideSolutionNode = FALSE
	EndGlobalSection
	GlobalSection(ExtensibilityGlobals) = postSolution
		SolutionGuid = {35B401D2-6243-412F-BA7C-360F0B70A65C}
	EndGlobalSection
EndGlobal
